
Microsoft Visual Studio Solution File, Format Version 12.00
# Visual Studio 14
VisualStudioVersion = 14.0.25420.1
MinimumVisualStudioVersion = 10.0.40219.1
Project("{FAE04EC0-301F-11D3-BF4B-00C04F79EFBC}") = "FileDownloader", "FileDownloader\FileDownloader.csproj", "{4F50CDA7-6DB1-4FAC-8578-93AA679333FC}"
EndProject
Global
	GlobalSection(SolutionConfigurationPlatforms) = preSolution
		Debug|Any CPU = Debug|Any CPU
		Release|Any CPU = Release|Any CPU
	EndGlobalSection
	GlobalSection(ProjectConfigurationPlatforms) = postSolution
		{4F50CDA7-6DB1-4FAC-8578-93AA679333FC}.Debug|Any CPU.ActiveCfg = Debug|Any CPU
		{4F50CDA7-6DB1-4FAC-8578-93AA679333FC}.Debug|Any CPU.Build.0 = Debug|Any CPU
		{4F50CDA7-6DB1-4FAC-8578-93AA679333FC}.Release|Any CPU.ActiveCfg = Release|Any CPU
		{4F50CDA7-6DB1-4FAC-8578-93AA679333FC}.Release|Any CPU.Build.0 = Release|Any CPU
	EndGlobalSection
	GlobalSection(SolutionProperties) = preSolution
		HideSolutionNode = FALSE
	EndGlobalSection
EndGlobal
